// !$*UTF8*$!
{
	archiveVersion = 1;
	classes = {
	};
	objectVersion = 48;
	objects = {

/* Begin PBXBuildFile section */
		105892E0BAC3A308689A0889 /* Pods_LandmarkRemarkUITests.framework in Frameworks */ = {isa = PBXBuildFile; fileRef = 79179B6DF40D217226089047 /* Pods_LandmarkRemarkUITests.framework */; };
		162F353621BA216E0001EAB0 /* CoreLocation.framework in Frameworks */ = {isa = PBXBuildFile; fileRef = 162F353521BA216E0001EAB0 /* CoreLocation.framework */; };
		162F353821BA21B30001EAB0 /* MapViewController.swift in Sources */ = {isa = PBXBuildFile; fileRef = 162F353721BA21B30001EAB0 /* MapViewController.swift */; };
		162F353A21BA23620001EAB0 /* MapKit.framework in Frameworks */ = {isa = PBXBuildFile; fileRef = 162F353921BA23620001EAB0 /* MapKit.framework */; };
		162F357E21BC08F60001EAB0 /* UserViewController.swift in Sources */ = {isa = PBXBuildFile; fileRef = 162F357D21BC08F60001EAB0 /* UserViewController.swift */; };
		162F358021BC8FCB0001EAB0 /* RequestManager.swift in Sources */ = {isa = PBXBuildFile; fileRef = 162F357F21BC8FCB0001EAB0 /* RequestManager.swift */; };
		162F358321BC904E0001EAB0 /* API.swift in Sources */ = {isa = PBXBuildFile; fileRef = 162F358221BC904E0001EAB0 /* API.swift */; };
		6BDDDE2021B9F0C0009A4B84 /* AppDelegate.swift in Sources */ = {isa = PBXBuildFile; fileRef = 6BDDDE1F21B9F0C0009A4B84 /* AppDelegate.swift */; };
		6BDDDE2521B9F0C0009A4B84 /* Main.storyboard in Resources */ = {isa = PBXBuildFile; fileRef = 6BDDDE2321B9F0C0009A4B84 /* Main.storyboard */; };
		6BDDDE2721B9F0C0009A4B84 /* Assets.xcassets in Resources */ = {isa = PBXBuildFile; fileRef = 6BDDDE2621B9F0C0009A4B84 /* Assets.xcassets */; };
		6BDDDE2A21B9F0C0009A4B84 /* LaunchScreen.storyboard in Resources */ = {isa = PBXBuildFile; fileRef = 6BDDDE2821B9F0C0009A4B84 /* LaunchScreen.storyboard */; };
		6BDDDE3521B9F0C0009A4B84 /* LandmarkRemarkTests.swift in Sources */ = {isa = PBXBuildFile; fileRef = 6BDDDE3421B9F0C0009A4B84 /* LandmarkRemarkTests.swift */; };
		6BDDDE4021B9F0C0009A4B84 /* LandmarkRemarkUITests.swift in Sources */ = {isa = PBXBuildFile; fileRef = 6BDDDE3F21B9F0C0009A4B84 /* LandmarkRemarkUITests.swift */; };
		CB8036C420A2403A23A20A55 /* Pods_LandmarkRemarkTests.framework in Frameworks */ = {isa = PBXBuildFile; fileRef = DAB2F4ADC7B33F55B3583837 /* Pods_LandmarkRemarkTests.framework */; };
		F83F0159DE753FE869914AA2 /* Pods_LandmarkRemark.framework in Frameworks */ = {isa = PBXBuildFile; fileRef = DB78A40D8C4EA03C04331367 /* Pods_LandmarkRemark.framework */; };
/* End PBXBuildFile section */

/* Begin PBXContainerItemProxy section */
		6BDDDE3121B9F0C0009A4B84 /* PBXContainerItemProxy */ = {
			isa = PBXContainerItemProxy;
			containerPortal = 6BDDDE1421B9F0C0009A4B84 /* Project object */;
			proxyType = 1;
			remoteGlobalIDString = 6BDDDE1B21B9F0C0009A4B84;
			remoteInfo = LandmarkRemark;
		};
		6BDDDE3C21B9F0C0009A4B84 /* PBXContainerItemProxy */ = {
			isa = PBXContainerItemProxy;
			containerPortal = 6BDDDE1421B9F0C0009A4B84 /* Project object */;
			proxyType = 1;
			remoteGlobalIDString = 6BDDDE1B21B9F0C0009A4B84;
			remoteInfo = LandmarkRemark;
		};
/* End PBXContainerItemProxy section */

/* Begin PBXFileReference section */
		02691352F51FF504F5000236 /* Pods-LandmarkRemarkTests.release.xcconfig */ = {isa = PBXFileReference; includeInIndex = 1; lastKnownFileType = text.xcconfig; name = "Pods-LandmarkRemarkTests.release.xcconfig"; path = "Pods/Target Support Files/Pods-LandmarkRemarkTests/Pods-LandmarkRemarkTests.release.xcconfig"; sourceTree = "<group>"; };
		076E5AE921E8B20249263D77 /* Pods-LandmarkRemark.release.xcconfig */ = {isa = PBXFileReference; includeInIndex = 1; lastKnownFileType = text.xcconfig; name = "Pods-LandmarkRemark.release.xcconfig"; path = "Pods/Target Support Files/Pods-LandmarkRemark/Pods-LandmarkRemark.release.xcconfig"; sourceTree = "<group>"; };
		162F353521BA216E0001EAB0 /* CoreLocation.framework */ = {isa = PBXFileReference; lastKnownFileType = wrapper.framework; name = CoreLocation.framework; path = System/Library/Frameworks/CoreLocation.framework; sourceTree = SDKROOT; };
		162F353721BA21B30001EAB0 /* MapViewController.swift */ = {isa = PBXFileReference; lastKnownFileType = sourcecode.swift; path = MapViewController.swift; sourceTree = "<group>"; };
		162F353921BA23620001EAB0 /* MapKit.framework */ = {isa = PBXFileReference; lastKnownFileType = wrapper.framework; name = MapKit.framework; path = System/Library/Frameworks/MapKit.framework; sourceTree = SDKROOT; };
		162F357D21BC08F60001EAB0 /* UserViewController.swift */ = {isa = PBXFileReference; lastKnownFileType = sourcecode.swift; path = UserViewController.swift; sourceTree = "<group>"; };
		162F357F21BC8FCB0001EAB0 /* RequestManager.swift */ = {isa = PBXFileReference; lastKnownFileType = sourcecode.swift; path = RequestManager.swift; sourceTree = "<group>"; };
		162F358221BC904E0001EAB0 /* API.swift */ = {isa = PBXFileReference; lastKnownFileType = sourcecode.swift; path = API.swift; sourceTree = "<group>"; };
		2107CDE9560481FA697EDD43 /* Pods-LandmarkRemarkUITests.release.xcconfig */ = {isa = PBXFileReference; includeInIndex = 1; lastKnownFileType = text.xcconfig; name = "Pods-LandmarkRemarkUITests.release.xcconfig"; path = "Pods/Target Support Files/Pods-LandmarkRemarkUITests/Pods-LandmarkRemarkUITests.release.xcconfig"; sourceTree = "<group>"; };
		301B58B11D2F94D3F795BEA1 /* Pods-LandmarkRemark.debug.xcconfig */ = {isa = PBXFileReference; includeInIndex = 1; lastKnownFileType = text.xcconfig; name = "Pods-LandmarkRemark.debug.xcconfig"; path = "Pods/Target Support Files/Pods-LandmarkRemark/Pods-LandmarkRemark.debug.xcconfig"; sourceTree = "<group>"; };
		391779AD5C83AFC28D11B396 /* Pods-LandmarkRemarkTests.debug.xcconfig */ = {isa = PBXFileReference; includeInIndex = 1; lastKnownFileType = text.xcconfig; name = "Pods-LandmarkRemarkTests.debug.xcconfig"; path = "Pods/Target Support Files/Pods-LandmarkRemarkTests/Pods-LandmarkRemarkTests.debug.xcconfig"; sourceTree = "<group>"; };
		6BDDDE1C21B9F0C0009A4B84 /* LandmarkRemark.app */ = {isa = PBXFileReference; explicitFileType = wrapper.application; includeInIndex = 0; path = LandmarkRemark.app; sourceTree = BUILT_PRODUCTS_DIR; };
		6BDDDE1F21B9F0C0009A4B84 /* AppDelegate.swift */ = {isa = PBXFileReference; lastKnownFileType = sourcecode.swift; path = AppDelegate.swift; sourceTree = "<group>"; };
		6BDDDE2421B9F0C0009A4B84 /* Base */ = {isa = PBXFileReference; lastKnownFileType = file.storyboard; name = Base; path = Base.lproj/Main.storyboard; sourceTree = "<group>"; };
		6BDDDE2621B9F0C0009A4B84 /* Assets.xcassets */ = {isa = PBXFileReference; lastKnownFileType = folder.assetcatalog; path = Assets.xcassets; sourceTree = "<group>"; };
		6BDDDE2921B9F0C0009A4B84 /* Base */ = {isa = PBXFileReference; lastKnownFileType = file.storyboard; name = Base; path = Base.lproj/LaunchScreen.storyboard; sourceTree = "<group>"; };
		6BDDDE2B21B9F0C0009A4B84 /* Info.plist */ = {isa = PBXFileReference; lastKnownFileType = text.plist.xml; path = Info.plist; sourceTree = "<group>"; };
		6BDDDE3021B9F0C0009A4B84 /* LandmarkRemarkTests.xctest */ = {isa = PBXFileReference; explicitFileType = wrapper.cfbundle; includeInIndex = 0; path = LandmarkRemarkTests.xctest; sourceTree = BUILT_PRODUCTS_DIR; };
		6BDDDE3421B9F0C0009A4B84 /* LandmarkRemarkTests.swift */ = {isa = PBXFileReference; lastKnownFileType = sourcecode.swift; path = LandmarkRemarkTests.swift; sourceTree = "<group>"; };
		6BDDDE3621B9F0C0009A4B84 /* Info.plist */ = {isa = PBXFileReference; lastKnownFileType = text.plist.xml; path = Info.plist; sourceTree = "<group>"; };
		6BDDDE3B21B9F0C0009A4B84 /* LandmarkRemarkUITests.xctest */ = {isa = PBXFileReference; explicitFileType = wrapper.cfbundle; includeInIndex = 0; path = LandmarkRemarkUITests.xctest; sourceTree = BUILT_PRODUCTS_DIR; };
		6BDDDE3F21B9F0C0009A4B84 /* LandmarkRemarkUITests.swift */ = {isa = PBXFileReference; lastKnownFileType = sourcecode.swift; path = LandmarkRemarkUITests.swift; sourceTree = "<group>"; };
		6BDDDE4121B9F0C0009A4B84 /* Info.plist */ = {isa = PBXFileReference; lastKnownFileType = text.plist.xml; path = Info.plist; sourceTree = "<group>"; };
		79179B6DF40D217226089047 /* Pods_LandmarkRemarkUITests.framework */ = {isa = PBXFileReference; explicitFileType = wrapper.framework; includeInIndex = 0; path = Pods_LandmarkRemarkUITests.framework; sourceTree = BUILT_PRODUCTS_DIR; };
		DAB2F4ADC7B33F55B3583837 /* Pods_LandmarkRemarkTests.framework */ = {isa = PBXFileReference; explicitFileType = wrapper.framework; includeInIndex = 0; path = Pods_LandmarkRemarkTests.framework; sourceTree = BUILT_PRODUCTS_DIR; };
		DB78A40D8C4EA03C04331367 /* Pods_LandmarkRemark.framework */ = {isa = PBXFileReference; explicitFileType = wrapper.framework; includeInIndex = 0; path = Pods_LandmarkRemark.framework; sourceTree = BUILT_PRODUCTS_DIR; };
		DE6C3FA6841FA7D6F7F7F60D /* Pods-LandmarkRemarkUITests.debug.xcconfig */ = {isa = PBXFileReference; includeInIndex = 1; lastKnownFileType = text.xcconfig; name = "Pods-LandmarkRemarkUITests.debug.xcconfig"; path = "Pods/Target Support Files/Pods-LandmarkRemarkUITests/Pods-LandmarkRemarkUITests.debug.xcconfig"; sourceTree = "<group>"; };
/* End PBXFileReference section */

/* Begin PBXFrameworksBuildPhase section */
		6BDDDE1921B9F0C0009A4B84 /* Frameworks */ = {
			isa = PBXFrameworksBuildPhase;
			buildActionMask = 2147483647;
			files = (
				162F353A21BA23620001EAB0 /* MapKit.framework in Frameworks */,
				162F353621BA216E0001EAB0 /* CoreLocation.framework in Frameworks */,
				F83F0159DE753FE869914AA2 /* Pods_LandmarkRemark.framework in Frameworks */,
			);
			runOnlyForDeploymentPostprocessing = 0;
		};
		6BDDDE2D21B9F0C0009A4B84 /* Frameworks */ = {
			isa = PBXFrameworksBuildPhase;
			buildActionMask = 2147483647;
			files = (
				CB8036C420A2403A23A20A55 /* Pods_LandmarkRemarkTests.framework in Frameworks */,
			);
			runOnlyForDeploymentPostprocessing = 0;
		};
		6BDDDE3821B9F0C0009A4B84 /* Frameworks */ = {
			isa = PBXFrameworksBuildPhase;
			buildActionMask = 2147483647;
			files = (
				105892E0BAC3A308689A0889 /* Pods_LandmarkRemarkUITests.framework in Frameworks */,
			);
			runOnlyForDeploymentPostprocessing = 0;
		};
/* End PBXFrameworksBuildPhase section */

/* Begin PBXGroup section */
		162F353421BA216E0001EAB0 /* Frameworks */ = {
			isa = PBXGroup;
			children = (
				162F353921BA23620001EAB0 /* MapKit.framework */,
				162F353521BA216E0001EAB0 /* CoreLocation.framework */,
				DB78A40D8C4EA03C04331367 /* Pods_LandmarkRemark.framework */,
				DAB2F4ADC7B33F55B3583837 /* Pods_LandmarkRemarkTests.framework */,
				79179B6DF40D217226089047 /* Pods_LandmarkRemarkUITests.framework */,
			);
			name = Frameworks;
			sourceTree = "<group>";
		};
		162F358121BC90370001EAB0 /* Networking */ = {
			isa = PBXGroup;
			children = (
				162F357F21BC8FCB0001EAB0 /* RequestManager.swift */,
				162F358221BC904E0001EAB0 /* API.swift */,
			);
			path = Networking;
			sourceTree = "<group>";
		};
		6BDDDE1321B9F0C0009A4B84 = {
			isa = PBXGroup;
			children = (
				6BDDDE1E21B9F0C0009A4B84 /* LandmarkRemark */,
				6BDDDE3321B9F0C0009A4B84 /* LandmarkRemarkTests */,
				6BDDDE3E21B9F0C0009A4B84 /* LandmarkRemarkUITests */,
				6BDDDE1D21B9F0C0009A4B84 /* Products */,
				162F353421BA216E0001EAB0 /* Frameworks */,
				E27B5AB6819ACF93EBC7949A /* Pods */,
			);
			sourceTree = "<group>";
		};
		6BDDDE1D21B9F0C0009A4B84 /* Products */ = {
			isa = PBXGroup;
			children = (
				6BDDDE1C21B9F0C0009A4B84 /* LandmarkRemark.app */,
				6BDDDE3021B9F0C0009A4B84 /* LandmarkRemarkTests.xctest */,
				6BDDDE3B21B9F0C0009A4B84 /* LandmarkRemarkUITests.xctest */,
			);
			name = Products;
			sourceTree = "<group>";
		};
		6BDDDE1E21B9F0C0009A4B84 /* LandmarkRemark */ = {
			isa = PBXGroup;
			children = (
				6BDDDE1F21B9F0C0009A4B84 /* AppDelegate.swift */,
				162F353721BA21B30001EAB0 /* MapViewController.swift */,
				6BDDDE2321B9F0C0009A4B84 /* Main.storyboard */,
				162F357D21BC08F60001EAB0 /* UserViewController.swift */,
				6BDDDE2621B9F0C0009A4B84 /* Assets.xcassets */,
				6BDDDE2821B9F0C0009A4B84 /* LaunchScreen.storyboard */,
				6BDDDE2B21B9F0C0009A4B84 /* Info.plist */,
				162F358121BC90370001EAB0 /* Networking */,
			);
			path = LandmarkRemark;
			sourceTree = "<group>";
		};
		6BDDDE3321B9F0C0009A4B84 /* LandmarkRemarkTests */ = {
			isa = PBXGroup;
			children = (
				6BDDDE3421B9F0C0009A4B84 /* LandmarkRemarkTests.swift */,
				6BDDDE3621B9F0C0009A4B84 /* Info.plist */,
			);
			path = LandmarkRemarkTests;
			sourceTree = "<group>";
		};
		6BDDDE3E21B9F0C0009A4B84 /* LandmarkRemarkUITests */ = {
			isa = PBXGroup;
			children = (
				6BDDDE3F21B9F0C0009A4B84 /* LandmarkRemarkUITests.swift */,
				6BDDDE4121B9F0C0009A4B84 /* Info.plist */,
			);
			path = LandmarkRemarkUITests;
			sourceTree = "<group>";
		};
		E27B5AB6819ACF93EBC7949A /* Pods */ = {
			isa = PBXGroup;
			children = (
				301B58B11D2F94D3F795BEA1 /* Pods-LandmarkRemark.debug.xcconfig */,
				076E5AE921E8B20249263D77 /* Pods-LandmarkRemark.release.xcconfig */,
				391779AD5C83AFC28D11B396 /* Pods-LandmarkRemarkTests.debug.xcconfig */,
				02691352F51FF504F5000236 /* Pods-LandmarkRemarkTests.release.xcconfig */,
				DE6C3FA6841FA7D6F7F7F60D /* Pods-LandmarkRemarkUITests.debug.xcconfig */,
				2107CDE9560481FA697EDD43 /* Pods-LandmarkRemarkUITests.release.xcconfig */,
			);
			name = Pods;
			sourceTree = "<group>";
		};
/* End PBXGroup section */

/* Begin PBXNativeTarget section */
		6BDDDE1B21B9F0C0009A4B84 /* LandmarkRemark */ = {
			isa = PBXNativeTarget;
			buildConfigurationList = 6BDDDE4421B9F0C0009A4B84 /* Build configuration list for PBXNativeTarget "LandmarkRemark" */;
			buildPhases = (
				2EFF545941463C6DB91D7228 /* [CP] Check Pods Manifest.lock */,
				6BDDDE1821B9F0C0009A4B84 /* Sources */,
				6BDDDE1921B9F0C0009A4B84 /* Frameworks */,
				6BDDDE1A21B9F0C0009A4B84 /* Resources */,
				5FD292BBDCB915EB2CDAC57E /* [CP] Embed Pods Frameworks */,
			);
			buildRules = (
			);
			dependencies = (
			);
			name = LandmarkRemark;
			productName = LandmarkRemark;
			productReference = 6BDDDE1C21B9F0C0009A4B84 /* LandmarkRemark.app */;
			productType = "com.apple.product-type.application";
		};
		6BDDDE2F21B9F0C0009A4B84 /* LandmarkRemarkTests */ = {
			isa = PBXNativeTarget;
			buildConfigurationList = 6BDDDE4721B9F0C0009A4B84 /* Build configuration list for PBXNativeTarget "LandmarkRemarkTests" */;
			buildPhases = (
				C79DD427CAAECB030248BC12 /* [CP] Check Pods Manifest.lock */,
				6BDDDE2C21B9F0C0009A4B84 /* Sources */,
				6BDDDE2D21B9F0C0009A4B84 /* Frameworks */,
				6BDDDE2E21B9F0C0009A4B84 /* Resources */,
			);
			buildRules = (
			);
			dependencies = (
				6BDDDE3221B9F0C0009A4B84 /* PBXTargetDependency */,
			);
			name = LandmarkRemarkTests;
			productName = LandmarkRemarkTests;
			productReference = 6BDDDE3021B9F0C0009A4B84 /* LandmarkRemarkTests.xctest */;
			productType = "com.apple.product-type.bundle.unit-test";
		};
		6BDDDE3A21B9F0C0009A4B84 /* LandmarkRemarkUITests */ = {
			isa = PBXNativeTarget;
			buildConfigurationList = 6BDDDE4A21B9F0C0009A4B84 /* Build configuration list for PBXNativeTarget "LandmarkRemarkUITests" */;
			buildPhases = (
				B97D193DC9B6F3B580074A40 /* [CP] Check Pods Manifest.lock */,
				6BDDDE3721B9F0C0009A4B84 /* Sources */,
				6BDDDE3821B9F0C0009A4B84 /* Frameworks */,
				6BDDDE3921B9F0C0009A4B84 /* Resources */,
			);
			buildRules = (
			);
			dependencies = (
				6BDDDE3D21B9F0C0009A4B84 /* PBXTargetDependency */,
			);
			name = LandmarkRemarkUITests;
			productName = LandmarkRemarkUITests;
			productReference = 6BDDDE3B21B9F0C0009A4B84 /* LandmarkRemarkUITests.xctest */;
			productType = "com.apple.product-type.bundle.ui-testing";
		};
/* End PBXNativeTarget section */

/* Begin PBXProject section */
		6BDDDE1421B9F0C0009A4B84 /* Project object */ = {
			isa = PBXProject;
			attributes = {
				LastSwiftUpdateCheck = 0900;
				LastUpgradeCheck = 0900;
				ORGANIZATIONNAME = "Simeng Liu";
				TargetAttributes = {
					6BDDDE1B21B9F0C0009A4B84 = {
						CreatedOnToolsVersion = 9.0.1;
						ProvisioningStyle = Automatic;
					};
					6BDDDE2F21B9F0C0009A4B84 = {
						CreatedOnToolsVersion = 9.0.1;
						ProvisioningStyle = Automatic;
						TestTargetID = 6BDDDE1B21B9F0C0009A4B84;
					};
					6BDDDE3A21B9F0C0009A4B84 = {
						CreatedOnToolsVersion = 9.0.1;
						ProvisioningStyle = Automatic;
						TestTargetID = 6BDDDE1B21B9F0C0009A4B84;
					};
				};
			};
			buildConfigurationList = 6BDDDE1721B9F0C0009A4B84 /* Build configuration list for PBXProject "LandmarkRemark" */;
			compatibilityVersion = "Xcode 8.0";
			developmentRegion = en;
			hasScannedForEncodings = 0;
			knownRegions = (
				en,
				Base,
			);
			mainGroup = 6BDDDE1321B9F0C0009A4B84;
			productRefGroup = 6BDDDE1D21B9F0C0009A4B84 /* Products */;
			projectDirPath = "";
			projectRoot = "";
			targets = (
				6BDDDE1B21B9F0C0009A4B84 /* LandmarkRemark */,
				6BDDDE2F21B9F0C0009A4B84 /* LandmarkRemarkTests */,
				6BDDDE3A21B9F0C0009A4B84 /* LandmarkRemarkUITests */,
			);
		};
/* End PBXProject section */

/* Begin PBXResourcesBuildPhase section */
		6BDDDE1A21B9F0C0009A4B84 /* Resources */ = {
			isa = PBXResourcesBuildPhase;
			buildActionMask = 2147483647;
			files = (
				6BDDDE2A21B9F0C0009A4B84 /* LaunchScreen.storyboard in Resources */,
				6BDDDE2721B9F0C0009A4B84 /* Assets.xcassets in Resources */,
				6BDDDE2521B9F0C0009A4B84 /* Main.storyboard in Resources */,
			);
			runOnlyForDeploymentPostprocessing = 0;
		};
		6BDDDE2E21B9F0C0009A4B84 /* Resources */ = {
			isa = PBXResourcesBuildPhase;
			buildActionMask = 2147483647;
			files = (
			);
			runOnlyForDeploymentPostprocessing = 0;
		};
		6BDDDE3921B9F0C0009A4B84 /* Resources */ = {
			isa = PBXResourcesBuildPhase;
			buildActionMask = 2147483647;
			files = (
			);
			runOnlyForDeploymentPostprocessing = 0;
		};
/* End PBXResourcesBuildPhase section */

/* Begin PBXShellScriptBuildPhase section */
		2EFF545941463C6DB91D7228 /* [CP] Check Pods Manifest.lock */ = {
			isa = PBXShellScriptBuildPhase;
			buildActionMask = 2147483647;
			files = (
			);
			inputFileListPaths = (
			);
			inputPaths = (
				"${PODS_PODFILE_DIR_PATH}/Podfile.lock",
				"${PODS_ROOT}/Manifest.lock",
			);
			name = "[CP] Check Pods Manifest.lock";
			outputFileListPaths = (
			);
			outputPaths = (
				"$(DERIVED_FILE_DIR)/Pods-LandmarkRemark-checkManifestLockResult.txt",
			);
			runOnlyForDeploymentPostprocessing = 0;
			shellPath = /bin/sh;
			shellScript = "diff \"${PODS_PODFILE_DIR_PATH}/Podfile.lock\" \"${PODS_ROOT}/Manifest.lock\" > /dev/null\nif [ $? != 0 ] ; then\n    # print error to STDERR\n    echo \"error: The sandbox is not in sync with the Podfile.lock. Run 'pod install' or update your CocoaPods installation.\" >&2\n    exit 1\nfi\n# This output is used by Xcode 'outputs' to avoid re-running this script phase.\necho \"SUCCESS\" > \"${SCRIPT_OUTPUT_FILE_0}\"\n";
			showEnvVarsInLog = 0;
		};
		5FD292BBDCB915EB2CDAC57E /* [CP] Embed Pods Frameworks */ = {
			isa = PBXShellScriptBuildPhase;
			buildActionMask = 2147483647;
			files = (
			);
			inputFileListPaths = (
			);
			inputPaths = (
				"${SRCROOT}/Pods/Target Support Files/Pods-LandmarkRemark/Pods-LandmarkRemark-frameworks.sh",
				"${BUILT_PRODUCTS_DIR}/Alamofire/Alamofire.framework",
				"${BUILT_PRODUCTS_DIR}/KSCrash/KSCrash.framework",
				"${BUILT_PRODUCTS_DIR}/KumulosSdkSwift/KumulosSDK.framework",
			);
			name = "[CP] Embed Pods Frameworks";
			outputFileListPaths = (
			);
			outputPaths = (
				"${TARGET_BUILD_DIR}/${FRAMEWORKS_FOLDER_PATH}/Alamofire.framework",
				"${TARGET_BUILD_DIR}/${FRAMEWORKS_FOLDER_PATH}/KSCrash.framework",
				"${TARGET_BUILD_DIR}/${FRAMEWORKS_FOLDER_PATH}/KumulosSDK.framework",
			);
			runOnlyForDeploymentPostprocessing = 0;
			shellPath = /bin/sh;
			shellScript = "\"${SRCROOT}/Pods/Target Support Files/Pods-LandmarkRemark/Pods-LandmarkRemark-frameworks.sh\"\n";
			showEnvVarsInLog = 0;
		};
		B97D193DC9B6F3B580074A40 /* [CP] Check Pods Manifest.lock */ = {
			isa = PBXShellScriptBuildPhase;
			buildActionMask = 2147483647;
			files = (
			);
			inputFileListPaths = (
			);
			inputPaths = (
				"${PODS_PODFILE_DIR_PATH}/Podfile.lock",
				"${PODS_ROOT}/Manifest.lock",
			);
			name = "[CP] Check Pods Manifest.lock";
			outputFileListPaths = (
			);
			outputPaths = (
				"$(DERIVED_FILE_DIR)/Pods-LandmarkRemarkUITests-checkManifestLockResult.txt",
			);
			runOnlyForDeploymentPostprocessing = 0;
			shellPath = /bin/sh;
			shellScript = "diff \"${PODS_PODFILE_DIR_PATH}/Podfile.lock\" \"${PODS_ROOT}/Manifest.lock\" > /dev/null\nif [ $? != 0 ] ; then\n    # print error to STDERR\n    echo \"error: The sandbox is not in sync with the Podfile.lock. Run 'pod install' or update your CocoaPods installation.\" >&2\n    exit 1\nfi\n# This output is used by Xcode 'outputs' to avoid re-running this script phase.\necho \"SUCCESS\" > \"${SCRIPT_OUTPUT_FILE_0}\"\n";
			showEnvVarsInLog = 0;
		};
		C79DD427CAAECB030248BC12 /* [CP] Check Pods Manifest.lock */ = {
			isa = PBXShellScriptBuildPhase;
			buildActionMask = 2147483647;
			files = (
			);
			inputFileListPaths = (
			);
			inputPaths = (
				"${PODS_PODFILE_DIR_PATH}/Podfile.lock",
				"${PODS_ROOT}/Manifest.lock",
			);
			name = "[CP] Check Pods Manifest.lock";
			outputFileListPaths = (
			);
			outputPaths = (
				"$(DERIVED_FILE_DIR)/Pods-LandmarkRemarkTests-checkManifestLockResult.txt",
			);
			runOnlyForDeploymentPostprocessing = 0;
			shellPath = /bin/sh;
			shellScript = "diff \"${PODS_PODFILE_DIR_PATH}/Podfile.lock\" \"${PODS_ROOT}/Manifest.lock\" > /dev/null\nif [ $? != 0 ] ; then\n    # print error to STDERR\n    echo \"error: The sandbox is not in sync with the Podfile.lock. Run 'pod install' or update your CocoaPods installation.\" >&2\n    exit 1\nfi\n# This output is used by Xcode 'outputs' to avoid re-running this script phase.\necho \"SUCCESS\" > \"${SCRIPT_OUTPUT_FILE_0}\"\n";
			showEnvVarsInLog = 0;
		};
/* End PBXShellScriptBuildPhase section */

/* Begin PBXSourcesBuildPhase section */
		6BDDDE1821B9F0C0009A4B84 /* Sources */ = {
			isa = PBXSourcesBuildPhase;
			buildActionMask = 2147483647;
			files = (
				162F353821BA21B30001EAB0 /* MapViewController.swift in Sources */,
				162F357E21BC08F60001EAB0 /* UserViewController.swift in Sources */,
				6BDDDE2021B9F0C0009A4B84 /* AppDelegate.swift in Sources */,
				162F358021BC8FCB0001EAB0 /* RequestManager.swift in Sources */,
				162F358321BC904E0001EAB0 /* API.swift in Sources */,
			);
			runOnlyForDeploymentPostprocessing = 0;
		};
		6BDDDE2C21B9F0C0009A4B84 /* Sources */ = {
			isa = PBXSourcesBuildPhase;
			buildActionMask = 2147483647;
			files = (
				6BDDDE3521B9F0C0009A4B84 /* LandmarkRemarkTests.swift in Sources */,
			);
			runOnlyForDeploymentPostprocessing = 0;
		};
		6BDDDE3721B9F0C0009A4B84 /* Sources */ = {
			isa = PBXSourcesBuildPhase;
			buildActionMask = 2147483647;
			files = (
				6BDDDE4021B9F0C0009A4B84 /* LandmarkRemarkUITests.swift in Sources */,
			);
			runOnlyForDeploymentPostprocessing = 0;
		};
/* End PBXSourcesBuildPhase section */

/* Begin PBXTargetDependency section */
		6BDDDE3221B9F0C0009A4B84 /* PBXTargetDependency */ = {
			isa = PBXTargetDependency;
			target = 6BDDDE1B21B9F0C0009A4B84 /* LandmarkRemark */;
			targetProxy = 6BDDDE3121B9F0C0009A4B84 /* PBXContainerItemProxy */;
		};
		6BDDDE3D21B9F0C0009A4B84 /* PBXTargetDependency */ = {
			isa = PBXTargetDependency;
			target = 6BDDDE1B21B9F0C0009A4B84 /* LandmarkRemark */;
			targetProxy = 6BDDDE3C21B9F0C0009A4B84 /* PBXContainerItemProxy */;
		};
/* End PBXTargetDependency section */

/* Begin PBXVariantGroup section */
		6BDDDE2321B9F0C0009A4B84 /* Main.storyboard */ = {
			isa = PBXVariantGroup;
			children = (
				6BDDDE2421B9F0C0009A4B84 /* Base */,
			);
			name = Main.storyboard;
			sourceTree = "<group>";
		};
		6BDDDE2821B9F0C0009A4B84 /* LaunchScreen.storyboard */ = {
			isa = PBXVariantGroup;
			children = (
				6BDDDE2921B9F0C0009A4B84 /* Base */,
			);
			name = LaunchScreen.storyboard;
			sourceTree = "<group>";
		};
/* End PBXVariantGroup section */

/* Begin XCBuildConfiguration section */
		6BDDDE4221B9F0C0009A4B84 /* Debug */ = {
			isa = XCBuildConfiguration;
			buildSettings = {
				ALWAYS_SEARCH_USER_PATHS = NO;
				CLANG_ANALYZER_NONNULL = YES;
				CLANG_ANALYZER_NUMBER_OBJECT_CONVERSION = YES_AGGRESSIVE;
				CLANG_CXX_LANGUAGE_STANDARD = "gnu++14";
				CLANG_CXX_LIBRARY = "libc++";
				CLANG_ENABLE_MODULES = YES;
				CLANG_ENABLE_OBJC_ARC = YES;
				CLANG_WARN_BLOCK_CAPTURE_AUTORELEASING = YES;
				CLANG_WARN_BOOL_CONVERSION = YES;
				CLANG_WARN_COMMA = YES;
				CLANG_WARN_CONSTANT_CONVERSION = YES;
				CLANG_WARN_DIRECT_OBJC_ISA_USAGE = YES_ERROR;
				CLANG_WARN_DOCUMENTATION_COMMENTS = YES;
				CLANG_WARN_EMPTY_BODY = YES;
				CLANG_WARN_ENUM_CONVERSION = YES;
				CLANG_WARN_INFINITE_RECURSION = YES;
				CLANG_WARN_INT_CONVERSION = YES;
				CLANG_WARN_NON_LITERAL_NULL_CONVERSION = YES;
				CLANG_WARN_OBJC_LITERAL_CONVERSION = YES;
				CLANG_WARN_OBJC_ROOT_CLASS = YES_ERROR;
				CLANG_WARN_RANGE_LOOP_ANALYSIS = YES;
				CLANG_WARN_STRICT_PROTOTYPES = YES;
				CLANG_WARN_SUSPICIOUS_MOVE = YES;
				CLANG_WARN_UNGUARDED_AVAILABILITY = YES_AGGRESSIVE;
				CLANG_WARN_UNREACHABLE_CODE = YES;
				CLANG_WARN__DUPLICATE_METHOD_MATCH = YES;
				CODE_SIGN_IDENTITY = "iPhone Developer";
				COPY_PHASE_STRIP = NO;
				DEBUG_INFORMATION_FORMAT = dwarf;
				ENABLE_STRICT_OBJC_MSGSEND = YES;
				ENABLE_TESTABILITY = YES;
				GCC_C_LANGUAGE_STANDARD = gnu11;
				GCC_DYNAMIC_NO_PIC = NO;
				GCC_NO_COMMON_BLOCKS = YES;
				GCC_OPTIMIZATION_LEVEL = 0;
				GCC_PREPROCESSOR_DEFINITIONS = (
					"DEBUG=1",
					"$(inherited)",
				);
				GCC_WARN_64_TO_32_BIT_CONVERSION = YES;
				GCC_WARN_ABOUT_RETURN_TYPE = YES_ERROR;
				GCC_WARN_UNDECLARED_SELECTOR = YES;
				GCC_WARN_UNINITIALIZED_AUTOS = YES_AGGRESSIVE;
				GCC_WARN_UNUSED_FUNCTION = YES;
				GCC_WARN_UNUSED_VARIABLE = YES;
				IPHONEOS_DEPLOYMENT_TARGET = 11.0;
				MTL_ENABLE_DEBUG_INFO = YES;
				ONLY_ACTIVE_ARCH = YES;
				SDKROOT = iphoneos;
				SWIFT_ACTIVE_COMPILATION_CONDITIONS = DEBUG;
				SWIFT_OPTIMIZATION_LEVEL = "-Onone";
			};
			name = Debug;
		};
		6BDDDE4321B9F0C0009A4B84 /* Release */ = {
			isa = XCBuildConfiguration;
			buildSettings = {
				ALWAYS_SEARCH_USER_PATHS = NO;
				CLANG_ANALYZER_NONNULL = YES;
				CLANG_ANALYZER_NUMBER_OBJECT_CONVERSION = YES_AGGRESSIVE;
				CLANG_CXX_LANGUAGE_STANDARD = "gnu++14";
				CLANG_CXX_LIBRARY = "libc++";
				CLANG_ENABLE_MODULES = YES;
				CLANG_ENABLE_OBJC_ARC = YES;
				CLANG_WARN_BLOCK_CAPTURE_AUTORELEASING = YES;
				CLANG_WARN_BOOL_CONVERSION = YES;
				CLANG_WARN_COMMA = YES;
				CLANG_WARN_CONSTANT_CONVERSION = YES;
				CLANG_WARN_DIRECT_OBJC_ISA_USAGE = YES_ERROR;
				CLANG_WARN_DOCUMENTATION_COMMENTS = YES;
				CLANG_WARN_EMPTY_BODY = YES;
				CLANG_WARN_ENUM_CONVERSION = YES;
				CLANG_WARN_INFINITE_RECURSION = YES;
				CLANG_WARN_INT_CONVERSION = YES;
				CLANG_WARN_NON_LITERAL_NULL_CONVERSION = YES;
				CLANG_WARN_OBJC_LITERAL_CONVERSION = YES;
				CLANG_WARN_OBJC_ROOT_CLASS = YES_ERROR;
				CLANG_WARN_RANGE_LOOP_ANALYSIS = YES;
				CLANG_WARN_STRICT_PROTOTYPES = YES;
				CLANG_WARN_SUSPICIOUS_MOVE = YES;
				CLANG_WARN_UNGUARDED_AVAILABILITY = YES_AGGRESSIVE;
				CLANG_WARN_UNREACHABLE_CODE = YES;
				CLANG_WARN__DUPLICATE_METHOD_MATCH = YES;
				CODE_SIGN_IDENTITY = "iPhone Developer";
				COPY_PHASE_STRIP = NO;
				DEBUG_INFORMATION_FORMAT = "dwarf-with-dsym";
				ENABLE_NS_ASSERTIONS = NO;
				ENABLE_STRICT_OBJC_MSGSEND = YES;
				GCC_C_LANGUAGE_STANDARD = gnu11;
				GCC_NO_COMMON_BLOCKS = YES;
				GCC_WARN_64_TO_32_BIT_CONVERSION = YES;
				GCC_WARN_ABOUT_RETURN_TYPE = YES_ERROR;
				GCC_WARN_UNDECLARED_SELECTOR = YES;
				GCC_WARN_UNINITIALIZED_AUTOS = YES_AGGRESSIVE;
				GCC_WARN_UNUSED_FUNCTION = YES;
				GCC_WARN_UNUSED_VARIABLE = YES;
				IPHONEOS_DEPLOYMENT_TARGET = 11.0;
				MTL_ENABLE_DEBUG_INFO = NO;
				SDKROOT = iphoneos;
				SWIFT_OPTIMIZATION_LEVEL = "-Owholemodule";
				VALIDATE_PRODUCT = YES;
			};
			name = Release;
		};
		6BDDDE4521B9F0C0009A4B84 /* Debug */ = {
			isa = XCBuildConfiguration;
			baseConfigurationReference = 301B58B11D2F94D3F795BEA1 /* Pods-LandmarkRemark.debug.xcconfig */;
			buildSettings = {
				ASSETCATALOG_COMPILER_APPICON_NAME = AppIcon;
				CODE_SIGN_STYLE = Automatic;
				DEVELOPMENT_TEAM = 88N43X68K5;
				INFOPLIST_FILE = LandmarkRemark/Info.plist;
				IPHONEOS_DEPLOYMENT_TARGET = 10.0;
				LD_RUNPATH_SEARCH_PATHS = "$(inherited) @executable_path/Frameworks";
				PRODUCT_BUNDLE_IDENTIFIER = simengliu.LandmarkRemark;
				PRODUCT_NAME = "$(TARGET_NAME)";
				SWIFT_VERSION = 4.0;
				TARGETED_DEVICE_FAMILY = "1,2";
			};
			name = Debug;
		};
		6BDDDE4621B9F0C0009A4B84 /* Release */ = {
			isa = XCBuildConfiguration;
			baseConfigurationReference = 076E5AE921E8B20249263D77 /* Pods-LandmarkRemark.release.xcconfig */;
			buildSettings = {
				ASSETCATALOG_COMPILER_APPICON_NAME = AppIcon;
				CODE_SIGN_STYLE = Automatic;
				DEVELOPMENT_TEAM = 88N43X68K5;
				INFOPLIST_FILE = LandmarkRemark/Info.plist;
				IPHONEOS_DEPLOYMENT_TARGET = 10.0;
				LD_RUNPATH_SEARCH_PATHS = "$(inherited) @executable_path/Frameworks";
				PRODUCT_BUNDLE_IDENTIFIER = simengliu.LandmarkRemark;
				PRODUCT_NAME = "$(TARGET_NAME)";
				SWIFT_VERSION = 4.0;
				TARGETED_DEVICE_FAMILY = "1,2";
			};
			name = Release;
		};
		6BDDDE4821B9F0C0009A4B84 /* Debug */ = {
			isa = XCBuildConfiguration;
			baseConfigurationReference = 391779AD5C83AFC28D11B396 /* Pods-LandmarkRemarkTests.debug.xcconfig */;
			buildSettings = {
				ALWAYS_EMBED_SWIFT_STANDARD_LIBRARIES = YES;
				BUNDLE_LOADER = "$(TEST_HOST)";
				CODE_SIGN_STYLE = Automatic;
				DEVELOPMENT_TEAM = 88N43X68K5;
				INFOPLIST_FILE = LandmarkRemarkTests/Info.plist;
				LD_RUNPATH_SEARCH_PATHS = "$(inherited) @executable_path/Frameworks @loader_path/Frameworks";
				PRODUCT_BUNDLE_IDENTIFIER = simengliu.LandmarkRemarkTests;
				PRODUCT_NAME = "$(TARGET_NAME)";
				SWIFT_VERSION = 4.0;
				TARGETED_DEVICE_FAMILY = "1,2";
				TEST_HOST = "$(BUILT_PRODUCTS_DIR)/LandmarkRemark.app/LandmarkRemark";
			};
			name = Debug;
		};
		6BDDDE4921B9F0C0009A4B84 /* Release */ = {
			isa = XCBuildConfiguration;
			baseConfigurationReference = 02691352F51FF504F5000236 /* Pods-LandmarkRemarkTests.release.xcconfig */;
			buildSettings = {
				ALWAYS_EMBED_SWIFT_STANDARD_LIBRARIES = YES;
				BUNDLE_LOADER = "$(TEST_HOST)";
				CODE_SIGN_STYLE = Automatic;
				DEVELOPMENT_TEAM = 88N43X68K5;
				INFOPLIST_FILE = LandmarkRemarkTests/Info.plist;
				LD_RUNPATH_SEARCH_PATHS = "$(inherited) @executable_path/Frameworks @loader_path/Frameworks";
				PRODUCT_BUNDLE_IDENTIFIER = simengliu.LandmarkRemarkTests;
				PRODUCT_NAME = "$(TARGET_NAME)";
				SWIFT_VERSION = 4.0;
				TARGETED_DEVICE_FAMILY = "1,2";
				TEST_HOST = "$(BUILT_PRODUCTS_DIR)/LandmarkRemark.app/LandmarkRemark";
			};
			name = Release;
		};
		6BDDDE4B21B9F0C0009A4B84 /* Debug */ = {
			isa = XCBuildConfiguration;
			baseConfigurationReference = DE6C3FA6841FA7D6F7F7F60D /* Pods-LandmarkRemarkUITests.debug.xcconfig */;
			buildSettings = {
				ALWAYS_EMBED_SWIFT_STANDARD_LIBRARIES = YES;
				CODE_SIGN_STYLE = Automatic;
				DEVELOPMENT_TEAM = 88N43X68K5;
				INFOPLIST_FILE = LandmarkRemarkUITests/Info.plist;
				LD_RUNPATH_SEARCH_PATHS = "$(inherited) @executable_path/Frameworks @loader_path/Frameworks";
				PRODUCT_BUNDLE_IDENTIFIER = simengliu.LandmarkRemarkUITests;
				PRODUCT_NAME = "$(TARGET_NAME)";
				SWIFT_VERSION = 4.0;
				TARGETED_DEVICE_FAMILY = "1,2";
				TEST_TARGET_NAME = LandmarkRemark;
			};
			name = Debug;
		};
		6BDDDE4C21B9F0C0009A4B84 /* Release */ = {
			isa = XCBuildConfiguration;
			baseConfigurationReference = 2107CDE9560481FA697EDD43 /* Pods-LandmarkRemarkUITests.release.xcconfig */;
			buildSettings = {
				ALWAYS_EMBED_SWIFT_STANDARD_LIBRARIES = YES;
				CODE_SIGN_STYLE = Automatic;
				DEVELOPMENT_TEAM = 88N43X68K5;
				INFOPLIST_FILE = LandmarkRemarkUITests/Info.plist;
				LD_RUNPATH_SEARCH_PATHS = "$(inherited) @executable_path/Frameworks @loader_path/Frameworks";
				PRODUCT_BUNDLE_IDENTIFIER = simengliu.LandmarkRemarkUITests;
				PRODUCT_NAME = "$(TARGET_NAME)";
				SWIFT_VERSION = 4.0;
				TARGETED_DEVICE_FAMILY = "1,2";
				TEST_TARGET_NAME = LandmarkRemark;
			};
			name = Release;
		};
/* End XCBuildConfiguration section */

/* Begin XCConfigurationList section */
		6BDDDE1721B9F0C0009A4B84 /* Build configuration list for PBXProject "LandmarkRemark" */ = {
			isa = XCConfigurationList;
			buildConfigurations = (
				6BDDDE4221B9F0C0009A4B84 /* Debug */,
				6BDDDE4321B9F0C0009A4B84 /* Release */,
			);
			defaultConfigurationIsVisible = 0;
			defaultConfigurationName = Release;
		};
		6BDDDE4421B9F0C0009A4B84 /* Build configuration list for PBXNativeTarget "LandmarkRemark" */ = {
			isa = XCConfigurationList;
			buildConfigurations = (
				6BDDDE4521B9F0C0009A4B84 /* Debug */,
				6BDDDE4621B9F0C0009A4B84 /* Release */,
			);
			defaultConfigurationIsVisible = 0;
			defaultConfigurationName = Release;
		};
		6BDDDE4721B9F0C0009A4B84 /* Build configuration list for PBXNativeTarget "LandmarkRemarkTests" */ = {
			isa = XCConfigurationList;
			buildConfigurations = (
				6BDDDE4821B9F0C0009A4B84 /* Debug */,
				6BDDDE4921B9F0C0009A4B84 /* Release */,
			);
			defaultConfigurationIsVisible = 0;
			defaultConfigurationName = Release;
		};
		6BDDDE4A21B9F0C0009A4B84 /* Build configuration list for PBXNativeTarget "LandmarkRemarkUITests" */ = {
			isa = XCConfigurationList;
			buildConfigurations = (
				6BDDDE4B21B9F0C0009A4B84 /* Debug */,
				6BDDDE4C21B9F0C0009A4B84 /* Release */,
			);
			defaultConfigurationIsVisible = 0;
			defaultConfigurationName = Release;
		};
/* End XCConfigurationList section */
	};
	rootObject = 6BDDDE1421B9F0C0009A4B84 /* Project object */;
}
